
Microsoft Visual Studio Solution File, Format Version 12.00
# Visual Studio Version 16
VisualStudioVersion = 16.0.30011.22
MinimumVisualStudioVersion = 10.0.40219.1
Project("{FAE04EC0-301F-11D3-BF4B-00C04F79EFBC}") = "CommonClass", "ReadOrWrite\CommonClass.csproj", "{6F76E29E-849B-4B93-95EF-BD09AB8AA923}"
EndProject
Global
	GlobalSection(SolutionConfigurationPlatforms) = preSolution
		Debug|Any CPU = Debug|Any CPU
		Release|Any CPU = Release|Any CPU
	EndGlobalSection
	GlobalSection(ProjectConfigurationPlatforms) = postSolution
		{6F76E29E-849B-4B93-95EF-BD09AB8AA923}.Debug|Any CPU.ActiveCfg = Debug|Any CPU
		{6F76E29E-849B-4B93-95EF-BD09AB8AA923}.Debug|Any CPU.Build.0 = Debug|Any CPU
		{6F76E29E-849B-4B93-95EF-BD09AB8AA923}.Release|Any CPU.ActiveCfg = Release|Any CPU
		{6F76E29E-849B-4B93-95EF-BD09AB8AA923}.Release|Any CPU.Build.0 = Release|Any CPU
	EndGlobalSection
	GlobalSection(SolutionProperties) = preSolution
		HideSolutionNode = FALSE
	EndGlobalSection
	GlobalSection(ExtensibilityGlobals) = postSolution
		SolutionGuid = {26ECCBCF-ACE2-4D3D-940F-3E11137C0186}
	EndGlobalSection
EndGlobal
